
Microsoft Visual Studio Solution File, Format Version 12.00
Project("{FAE04EC0-301F-11D3-BF4B-00C04F79EFBC}") = "NEXUS.Growth.Simulation", "NEXUS.Growth.Simulation\NEXUS.Growth.Simulation.csproj", "{CAD60CC0-5FED-4DB5-9A5A-C9163C321BA2}"
EndProject
Project("{FAE04EC0-301F-11D3-BF4B-00C04F79EFBC}") = "NEXUS.Growth", "NEXUS.Growth\NEXUS.Growth.csproj", "{CC8FD456-DFE6-45B3-85B4-CE8C8E9EC83B}"
EndProject
Project("{FAE04EC0-301F-11D3-BF4B-00C04F79EFBC}") = "NEXUS", "NEXUS\NEXUS.csproj", "{53AE461B-ED52-4CE0-8546-748CF7A1C235}"
EndProject
Project("{FAE04EC0-301F-11D3-BF4B-00C04F79EFBC}") = "NEXUS.Fractal", "NEXUS.Fractal\NEXUS.Fractal.csproj", "{EA69448E-8F80-4A24-B667-77DAD34B3436}"
EndProject
Project("{2150E333-8FDC-42A3-9474-1A3956D46DE8}") = "Libs", "Libs", "{181178FC-0107-482B-BC67-02527EFA7A0C}"
EndProject
Project("{2150E333-8FDC-42A3-9474-1A3956D46DE8}") = "Tests", "Tests", "{2174E2C9-9AB4-4969-BF7A-4022830362FD}"
EndProject
Project("{FAE04EC0-301F-11D3-BF4B-00C04F79EFBC}") = "NEXUS.Tests", "NEXUS.Tests\NEXUS.Tests.csproj", "{8F81402D-6670-427E-8155-C27833FECFBA}"
EndProject
Project("{FAE04EC0-301F-11D3-BF4B-00C04F79EFBC}") = "NEXUS.Fractal.Tests", "NEXUS.Fractal.Tests\NEXUS.Fractal.Tests.csproj", "{45CF8E94-2749-4A90-A7A9-933C682A1D7C}"
EndProject
Project("{FAE04EC0-301F-11D3-BF4B-00C04F79EFBC}") = "NEXUS.Growth.Tests", "NEXUS.Growth.Tests\NEXUS.Growth.Tests.csproj", "{846FE4BD-3724-4388-99FE-7AC0F07C2BA5}"
EndProject
Project("{FAE04EC0-301F-11D3-BF4B-00C04F79EFBC}") = "NEXUS.Growth.Simulation.Tests", "NEXUS.Growth.Simulation.Tests\NEXUS.Growth.Simulation.Tests.csproj", "{D3C00DFA-2A5D-4258-9B52-1427259E935D}"
EndProject
Project("{FAE04EC0-301F-11D3-BF4B-00C04F79EFBC}") = "NEXUS.MDT", "NEXUS.MDT\NEXUS.MDT.csproj", "{EE2A8BFA-1A24-4D06-81A9-9533B2559C72}"
EndProject
Project("{2150E333-8FDC-42A3-9474-1A3956D46DE8}") = "Apps", "Apps", "{A51AE9ED-6079-4900-BDA7-0ED28F98C305}"
EndProject
Project("{2150E333-8FDC-42A3-9474-1A3956D46DE8}") = "Apps", "Apps", "{FFEA0BC4-CA15-42B9-AC80-1B7A7C9A02D2}"
EndProject
Project("{2150E333-8FDC-42A3-9474-1A3956D46DE8}") = "Libs", "Libs", "{C78693F5-EEEC-48C3-A2F8-4F6A61118FE1}"
EndProject
Project("{FAE04EC0-301F-11D3-BF4B-00C04F79EFBC}") = "NEXUS.MDT.Tests", "NEXUS.MDT.Tests\NEXUS.MDT.Tests.csproj", "{7AFDECA0-C332-4571-8331-9DB5B33B0379}"
EndProject
Global
	GlobalSection(SolutionConfigurationPlatforms) = preSolution
		Debug|Any CPU = Debug|Any CPU
		Release|Any CPU = Release|Any CPU
	EndGlobalSection
	GlobalSection(ProjectConfigurationPlatforms) = postSolution
		{CAD60CC0-5FED-4DB5-9A5A-C9163C321BA2}.Debug|Any CPU.ActiveCfg = Debug|Any CPU
		{CAD60CC0-5FED-4DB5-9A5A-C9163C321BA2}.Debug|Any CPU.Build.0 = Debug|Any CPU
		{CAD60CC0-5FED-4DB5-9A5A-C9163C321BA2}.Release|Any CPU.ActiveCfg = Release|Any CPU
		{CAD60CC0-5FED-4DB5-9A5A-C9163C321BA2}.Release|Any CPU.Build.0 = Release|Any CPU
		{CC8FD456-DFE6-45B3-85B4-CE8C8E9EC83B}.Debug|Any CPU.ActiveCfg = Debug|Any CPU
		{CC8FD456-DFE6-45B3-85B4-CE8C8E9EC83B}.Debug|Any CPU.Build.0 = Debug|Any CPU
		{CC8FD456-DFE6-45B3-85B4-CE8C8E9EC83B}.Release|Any CPU.ActiveCfg = Release|Any CPU
		{CC8FD456-DFE6-45B3-85B4-CE8C8E9EC83B}.Release|Any CPU.Build.0 = Release|Any CPU
		{53AE461B-ED52-4CE0-8546-748CF7A1C235}.Debug|Any CPU.ActiveCfg = Debug|Any CPU
		{53AE461B-ED52-4CE0-8546-748CF7A1C235}.Debug|Any CPU.Build.0 = Debug|Any CPU
		{53AE461B-ED52-4CE0-8546-748CF7A1C235}.Release|Any CPU.ActiveCfg = Release|Any CPU
		{53AE461B-ED52-4CE0-8546-748CF7A1C235}.Release|Any CPU.Build.0 = Release|Any CPU
		{EA69448E-8F80-4A24-B667-77DAD34B3436}.Debug|Any CPU.ActiveCfg = Debug|Any CPU
		{EA69448E-8F80-4A24-B667-77DAD34B3436}.Debug|Any CPU.Build.0 = Debug|Any CPU
		{EA69448E-8F80-4A24-B667-77DAD34B3436}.Release|Any CPU.ActiveCfg = Release|Any CPU
		{EA69448E-8F80-4A24-B667-77DAD34B3436}.Release|Any CPU.Build.0 = Release|Any CPU
		{8F81402D-6670-427E-8155-C27833FECFBA}.Debug|Any CPU.ActiveCfg = Debug|Any CPU
		{8F81402D-6670-427E-8155-C27833FECFBA}.Debug|Any CPU.Build.0 = Debug|Any CPU
		{8F81402D-6670-427E-8155-C27833FECFBA}.Release|Any CPU.ActiveCfg = Release|Any CPU
		{8F81402D-6670-427E-8155-C27833FECFBA}.Release|Any CPU.Build.0 = Release|Any CPU
		{45CF8E94-2749-4A90-A7A9-933C682A1D7C}.Debug|Any CPU.ActiveCfg = Debug|Any CPU
		{45CF8E94-2749-4A90-A7A9-933C682A1D7C}.Debug|Any CPU.Build.0 = Debug|Any CPU
		{45CF8E94-2749-4A90-A7A9-933C682A1D7C}.Release|Any CPU.ActiveCfg = Release|Any CPU
		{45CF8E94-2749-4A90-A7A9-933C682A1D7C}.Release|Any CPU.Build.0 = Release|Any CPU
		{846FE4BD-3724-4388-99FE-7AC0F07C2BA5}.Debug|Any CPU.ActiveCfg = Debug|Any CPU
		{846FE4BD-3724-4388-99FE-7AC0F07C2BA5}.Debug|Any CPU.Build.0 = Debug|Any CPU
		{846FE4BD-3724-4388-99FE-7AC0F07C2BA5}.Release|Any CPU.ActiveCfg = Release|Any CPU
		{846FE4BD-3724-4388-99FE-7AC0F07C2BA5}.Release|Any CPU.Build.0 = Release|Any CPU
		{D3C00DFA-2A5D-4258-9B52-1427259E935D}.Debug|Any CPU.ActiveCfg = Debug|Any CPU
		{D3C00DFA-2A5D-4258-9B52-1427259E935D}.Debug|Any CPU.Build.0 = Debug|Any CPU
		{D3C00DFA-2A5D-4258-9B52-1427259E935D}.Release|Any CPU.ActiveCfg = Release|Any CPU
		{D3C00DFA-2A5D-4258-9B52-1427259E935D}.Release|Any CPU.Build.0 = Release|Any CPU
		{EE2A8BFA-1A24-4D06-81A9-9533B2559C72}.Debug|Any CPU.ActiveCfg = Debug|Any CPU
		{EE2A8BFA-1A24-4D06-81A9-9533B2559C72}.Debug|Any CPU.Build.0 = Debug|Any CPU
		{EE2A8BFA-1A24-4D06-81A9-9533B2559C72}.Release|Any CPU.ActiveCfg = Release|Any CPU
		{EE2A8BFA-1A24-4D06-81A9-9533B2559C72}.Release|Any CPU.Build.0 = Release|Any CPU
		{7AFDECA0-C332-4571-8331-9DB5B33B0379}.Debug|Any CPU.ActiveCfg = Debug|Any CPU
		{7AFDECA0-C332-4571-8331-9DB5B33B0379}.Debug|Any CPU.Build.0 = Debug|Any CPU
		{7AFDECA0-C332-4571-8331-9DB5B33B0379}.Release|Any CPU.ActiveCfg = Release|Any CPU
		{7AFDECA0-C332-4571-8331-9DB5B33B0379}.Release|Any CPU.Build.0 = Release|Any CPU
	EndGlobalSection
	GlobalSection(NestedProjects) = preSolution
		{53AE461B-ED52-4CE0-8546-748CF7A1C235} = {181178FC-0107-482B-BC67-02527EFA7A0C}
		{EE2A8BFA-1A24-4D06-81A9-9533B2559C72} = {181178FC-0107-482B-BC67-02527EFA7A0C}
		{EA69448E-8F80-4A24-B667-77DAD34B3436} = {A51AE9ED-6079-4900-BDA7-0ED28F98C305}
		{CC8FD456-DFE6-45B3-85B4-CE8C8E9EC83B} = {A51AE9ED-6079-4900-BDA7-0ED28F98C305}
		{CAD60CC0-5FED-4DB5-9A5A-C9163C321BA2} = {A51AE9ED-6079-4900-BDA7-0ED28F98C305}
		{FFEA0BC4-CA15-42B9-AC80-1B7A7C9A02D2} = {2174E2C9-9AB4-4969-BF7A-4022830362FD}
		{C78693F5-EEEC-48C3-A2F8-4F6A61118FE1} = {2174E2C9-9AB4-4969-BF7A-4022830362FD}
		{45CF8E94-2749-4A90-A7A9-933C682A1D7C} = {FFEA0BC4-CA15-42B9-AC80-1B7A7C9A02D2}
		{D3C00DFA-2A5D-4258-9B52-1427259E935D} = {FFEA0BC4-CA15-42B9-AC80-1B7A7C9A02D2}
		{846FE4BD-3724-4388-99FE-7AC0F07C2BA5} = {FFEA0BC4-CA15-42B9-AC80-1B7A7C9A02D2}
		{8F81402D-6670-427E-8155-C27833FECFBA} = {C78693F5-EEEC-48C3-A2F8-4F6A61118FE1}
		{7AFDECA0-C332-4571-8331-9DB5B33B0379} = {C78693F5-EEEC-48C3-A2F8-4F6A61118FE1}
	EndGlobalSection
EndGlobal
