
Microsoft Visual Studio Solution File, Format Version 12.00
Project("{FAE04EC0-301F-11D3-BF4B-00C04F79EFBC}") = "NEXUS.Growth.Simulation", "NEXUS.Growth.Simulation\NEXUS.Growth.Simulation.csproj", "{CAD60CC0-5FED-4DB5-9A5A-C9163C321BA2}"
EndProject
Project("{FAE04EC0-301F-11D3-BF4B-00C04F79EFBC}") = "NEXUS.Growth", "NEXUS.Growth\NEXUS.Growth.csproj", "{CC8FD456-DFE6-45B3-85B4-CE8C8E9EC83B}"
EndProject
Project("{FAE04EC0-301F-11D3-BF4B-00C04F79EFBC}") = "NEXUS", "NEXUS\NEXUS.csproj", "{53AE461B-ED52-4CE0-8546-748CF7A1C235}"
EndProject
Project("{FAE04EC0-301F-11D3-BF4B-00C04F79EFBC}") = "NEXUS.Fractal", "NEXUS.Fractal\NEXUS.Fractal.csproj", "{EA69448E-8F80-4A24-B667-77DAD34B3436}"
EndProject
Project("{FAE04EC0-301F-11D3-BF4B-00C04F79EFBC}") = "NEXUS.Starter", "NEXUS.Starter\NEXUS.Starter.csproj", "{910039BD-14EC-4780-9E40-57BE2E575CF5}"
EndProject
Project("{2150E333-8FDC-42A3-9474-1A3956D46DE8}") = "Core", "Core", "{181178FC-0107-482B-BC67-02527EFA7A0C}"
EndProject
Project("{2150E333-8FDC-42A3-9474-1A3956D46DE8}") = "Tests", "Tests", "{2174E2C9-9AB4-4969-BF7A-4022830362FD}"
EndProject
Project("{FAE04EC0-301F-11D3-BF4B-00C04F79EFBC}") = "NEXUS.Tests", "NEXUS.Tests\NEXUS.Tests.csproj", "{8F81402D-6670-427E-8155-C27833FECFBA}"
EndProject
Project("{FAE04EC0-301F-11D3-BF4B-00C04F79EFBC}") = "NEXUS.Fractal.Tests", "NEXUS.Fractal.Tests\NEXUS.Fractal.Tests.csproj", "{45CF8E94-2749-4A90-A7A9-933C682A1D7C}"
EndProject
Project("{FAE04EC0-301F-11D3-BF4B-00C04F79EFBC}") = "NEXUS.Growth.Tests", "NEXUS.Growth.Tests\NEXUS.Growth.Tests.csproj", "{846FE4BD-3724-4388-99FE-7AC0F07C2BA5}"
EndProject
Project("{FAE04EC0-301F-11D3-BF4B-00C04F79EFBC}") = "NEXUS.Growth.Simulation.Tests", "NEXUS.Growth.Simulation.Tests\NEXUS.Growth.Simulation.Tests.csproj", "{D3C00DFA-2A5D-4258-9B52-1427259E935D}"
EndProject
Project("{FAE04EC0-301F-11D3-BF4B-00C04F79EFBC}") = "NEXUS.Starter.Tests", "NEXUS.Starter.Tests\NEXUS.Starter.Tests.csproj", "{01B5CA03-0624-4CB1-BF56-1F08152BB667}"
EndProject
Global
	GlobalSection(SolutionConfigurationPlatforms) = preSolution
		Debug|Any CPU = Debug|Any CPU
		Release|Any CPU = Release|Any CPU
	EndGlobalSection
	GlobalSection(ProjectConfigurationPlatforms) = postSolution
		{CAD60CC0-5FED-4DB5-9A5A-C9163C321BA2}.Debug|Any CPU.ActiveCfg = Debug|Any CPU
		{CAD60CC0-5FED-4DB5-9A5A-C9163C321BA2}.Debug|Any CPU.Build.0 = Debug|Any CPU
		{CAD60CC0-5FED-4DB5-9A5A-C9163C321BA2}.Release|Any CPU.ActiveCfg = Release|Any CPU
		{CAD60CC0-5FED-4DB5-9A5A-C9163C321BA2}.Release|Any CPU.Build.0 = Release|Any CPU
		{CC8FD456-DFE6-45B3-85B4-CE8C8E9EC83B}.Debug|Any CPU.ActiveCfg = Debug|Any CPU
		{CC8FD456-DFE6-45B3-85B4-CE8C8E9EC83B}.Debug|Any CPU.Build.0 = Debug|Any CPU
		{CC8FD456-DFE6-45B3-85B4-CE8C8E9EC83B}.Release|Any CPU.ActiveCfg = Release|Any CPU
		{CC8FD456-DFE6-45B3-85B4-CE8C8E9EC83B}.Release|Any CPU.Build.0 = Release|Any CPU
		{53AE461B-ED52-4CE0-8546-748CF7A1C235}.Debug|Any CPU.ActiveCfg = Debug|Any CPU
		{53AE461B-ED52-4CE0-8546-748CF7A1C235}.Debug|Any CPU.Build.0 = Debug|Any CPU
		{53AE461B-ED52-4CE0-8546-748CF7A1C235}.Release|Any CPU.ActiveCfg = Release|Any CPU
		{53AE461B-ED52-4CE0-8546-748CF7A1C235}.Release|Any CPU.Build.0 = Release|Any CPU
		{EA69448E-8F80-4A24-B667-77DAD34B3436}.Debug|Any CPU.ActiveCfg = Debug|Any CPU
		{EA69448E-8F80-4A24-B667-77DAD34B3436}.Debug|Any CPU.Build.0 = Debug|Any CPU
		{EA69448E-8F80-4A24-B667-77DAD34B3436}.Release|Any CPU.ActiveCfg = Release|Any CPU
		{EA69448E-8F80-4A24-B667-77DAD34B3436}.Release|Any CPU.Build.0 = Release|Any CPU
		{910039BD-14EC-4780-9E40-57BE2E575CF5}.Debug|Any CPU.ActiveCfg = Debug|Any CPU
		{910039BD-14EC-4780-9E40-57BE2E575CF5}.Debug|Any CPU.Build.0 = Debug|Any CPU
		{910039BD-14EC-4780-9E40-57BE2E575CF5}.Release|Any CPU.ActiveCfg = Release|Any CPU
		{910039BD-14EC-4780-9E40-57BE2E575CF5}.Release|Any CPU.Build.0 = Release|Any CPU
		{8F81402D-6670-427E-8155-C27833FECFBA}.Debug|Any CPU.ActiveCfg = Debug|Any CPU
		{8F81402D-6670-427E-8155-C27833FECFBA}.Debug|Any CPU.Build.0 = Debug|Any CPU
		{8F81402D-6670-427E-8155-C27833FECFBA}.Release|Any CPU.ActiveCfg = Release|Any CPU
		{8F81402D-6670-427E-8155-C27833FECFBA}.Release|Any CPU.Build.0 = Release|Any CPU
		{45CF8E94-2749-4A90-A7A9-933C682A1D7C}.Debug|Any CPU.ActiveCfg = Debug|Any CPU
		{45CF8E94-2749-4A90-A7A9-933C682A1D7C}.Debug|Any CPU.Build.0 = Debug|Any CPU
		{45CF8E94-2749-4A90-A7A9-933C682A1D7C}.Release|Any CPU.ActiveCfg = Release|Any CPU
		{45CF8E94-2749-4A90-A7A9-933C682A1D7C}.Release|Any CPU.Build.0 = Release|Any CPU
		{846FE4BD-3724-4388-99FE-7AC0F07C2BA5}.Debug|Any CPU.ActiveCfg = Debug|Any CPU
		{846FE4BD-3724-4388-99FE-7AC0F07C2BA5}.Debug|Any CPU.Build.0 = Debug|Any CPU
		{846FE4BD-3724-4388-99FE-7AC0F07C2BA5}.Release|Any CPU.ActiveCfg = Release|Any CPU
		{846FE4BD-3724-4388-99FE-7AC0F07C2BA5}.Release|Any CPU.Build.0 = Release|Any CPU
		{D3C00DFA-2A5D-4258-9B52-1427259E935D}.Debug|Any CPU.ActiveCfg = Debug|Any CPU
		{D3C00DFA-2A5D-4258-9B52-1427259E935D}.Debug|Any CPU.Build.0 = Debug|Any CPU
		{D3C00DFA-2A5D-4258-9B52-1427259E935D}.Release|Any CPU.ActiveCfg = Release|Any CPU
		{D3C00DFA-2A5D-4258-9B52-1427259E935D}.Release|Any CPU.Build.0 = Release|Any CPU
		{01B5CA03-0624-4CB1-BF56-1F08152BB667}.Debug|Any CPU.ActiveCfg = Debug|Any CPU
		{01B5CA03-0624-4CB1-BF56-1F08152BB667}.Debug|Any CPU.Build.0 = Debug|Any CPU
		{01B5CA03-0624-4CB1-BF56-1F08152BB667}.Release|Any CPU.ActiveCfg = Release|Any CPU
		{01B5CA03-0624-4CB1-BF56-1F08152BB667}.Release|Any CPU.Build.0 = Release|Any CPU
	EndGlobalSection
	GlobalSection(NestedProjects) = preSolution
		{53AE461B-ED52-4CE0-8546-748CF7A1C235} = {181178FC-0107-482B-BC67-02527EFA7A0C}
		{EA69448E-8F80-4A24-B667-77DAD34B3436} = {181178FC-0107-482B-BC67-02527EFA7A0C}
		{CC8FD456-DFE6-45B3-85B4-CE8C8E9EC83B} = {181178FC-0107-482B-BC67-02527EFA7A0C}
		{CAD60CC0-5FED-4DB5-9A5A-C9163C321BA2} = {181178FC-0107-482B-BC67-02527EFA7A0C}
		{910039BD-14EC-4780-9E40-57BE2E575CF5} = {181178FC-0107-482B-BC67-02527EFA7A0C}
		{8F81402D-6670-427E-8155-C27833FECFBA} = {2174E2C9-9AB4-4969-BF7A-4022830362FD}
		{45CF8E94-2749-4A90-A7A9-933C682A1D7C} = {2174E2C9-9AB4-4969-BF7A-4022830362FD}
		{846FE4BD-3724-4388-99FE-7AC0F07C2BA5} = {2174E2C9-9AB4-4969-BF7A-4022830362FD}
		{D3C00DFA-2A5D-4258-9B52-1427259E935D} = {2174E2C9-9AB4-4969-BF7A-4022830362FD}
		{01B5CA03-0624-4CB1-BF56-1F08152BB667} = {2174E2C9-9AB4-4969-BF7A-4022830362FD}
	EndGlobalSection
EndGlobal
