
Microsoft Visual Studio Solution File, Format Version 12.00
Project("{2150E333-8FDC-42A3-9474-1A3956D46DE8}") = "Apps", "Apps", "{CB42BB88-F6C7-4E60-AA63-DDD8092CED3E}"
EndProject
Project("{FAE04EC0-301F-11D3-BF4B-00C04F79EFBC}") = "NEXUS.Fractal.Shell", "NEXUS.Fractal.Shell\NEXUS.Fractal.Shell.csproj", "{E827FA09-7810-443D-B71E-C274C4B91A1C}"
EndProject
Project("{FAE04EC0-301F-11D3-BF4B-00C04F79EFBC}") = "NEXUS", "NEXUS\NEXUS.csproj", "{07058081-F066-4189-8E28-AE7AE4DF0536}"
EndProject
Project("{FAE04EC0-301F-11D3-BF4B-00C04F79EFBC}") = "NEXUS.Fractal.Core", "NEXUS.Fractal.Core\NEXUS.Fractal.Core.csproj", "{233D52E3-35B1-4757-814E-B1F6902C7B8D}"
EndProject
Project("{2150E333-8FDC-42A3-9474-1A3956D46DE8}") = "Fractal", "Fractal", "{B8DF1DDD-A21F-4EEA-A969-6C57D2F3C16E}"
EndProject
Project("{2150E333-8FDC-42A3-9474-1A3956D46DE8}") = "Modules", "Modules", "{D7975F33-40AE-411D-82D0-54DEA44CF042}"
EndProject
Project("{FAE04EC0-301F-11D3-BF4B-00C04F79EFBC}") = "NEXUS.Fractal.Explorer", "NEXUS.Fractal.Explorer\NEXUS.Fractal.Explorer.csproj", "{C22A1865-C431-4E17-9692-5A29F8F5B88B}"
EndProject
Project("{FAE04EC0-301F-11D3-BF4B-00C04F79EFBC}") = "NEXUS.Fractal.Viewer", "NEXUS.Fractal.Viewer\NEXUS.Fractal.Viewer.csproj", "{5D41A81D-14EF-456D-9A4F-EF3ED2ED9B61}"
EndProject
Project("{FAE04EC0-301F-11D3-BF4B-00C04F79EFBC}") = "NEXUS.Fractal.Properties", "NEXUS.Fractal.Properties\NEXUS.Fractal.Properties.csproj", "{605494FD-0132-48CD-A77A-31D470327FED}"
EndProject
Project("{FAE04EC0-301F-11D3-BF4B-00C04F79EFBC}") = "NEXUS.Fractal.Menu", "NEXUS.Fractal.Menu\NEXUS.Fractal.Menu.csproj", "{6E8D4792-D0A9-411D-8E43-C429DF367522}"
EndProject
Project("{FAE04EC0-301F-11D3-BF4B-00C04F79EFBC}") = "NEXUS.Fractal.StatusLine", "NEXUS.Fractal.StatusLine\NEXUS.Fractal.StatusLine.csproj", "{E573A867-81D2-4B1E-9208-60DAB18C08E7}"
EndProject
Project("{FAE04EC0-301F-11D3-BF4B-00C04F79EFBC}") = "NEXUS.Fractal.Project", "NEXUS.Fractal.Project\NEXUS.Fractal.Project.csproj", "{1931366D-E06E-4D1E-9B88-774C93687EC0}"
EndProject
Global
	GlobalSection(SolutionConfigurationPlatforms) = preSolution
		Debug|Any CPU = Debug|Any CPU
		Release|Any CPU = Release|Any CPU
	EndGlobalSection
	GlobalSection(ProjectConfigurationPlatforms) = postSolution
		{E827FA09-7810-443D-B71E-C274C4B91A1C}.Debug|Any CPU.ActiveCfg = Debug|Any CPU
		{E827FA09-7810-443D-B71E-C274C4B91A1C}.Debug|Any CPU.Build.0 = Debug|Any CPU
		{E827FA09-7810-443D-B71E-C274C4B91A1C}.Release|Any CPU.ActiveCfg = Release|Any CPU
		{E827FA09-7810-443D-B71E-C274C4B91A1C}.Release|Any CPU.Build.0 = Release|Any CPU
		{E827FA09-7810-443D-B71E-C274C4B91A1C}.Debug|Any CPU.Deploy.0 = Debug|Any CPU
		{07058081-F066-4189-8E28-AE7AE4DF0536}.Debug|Any CPU.ActiveCfg = Debug|Any CPU
		{07058081-F066-4189-8E28-AE7AE4DF0536}.Debug|Any CPU.Build.0 = Debug|Any CPU
		{07058081-F066-4189-8E28-AE7AE4DF0536}.Release|Any CPU.ActiveCfg = Release|Any CPU
		{07058081-F066-4189-8E28-AE7AE4DF0536}.Release|Any CPU.Build.0 = Release|Any CPU
		{233D52E3-35B1-4757-814E-B1F6902C7B8D}.Debug|Any CPU.ActiveCfg = Debug|Any CPU
		{233D52E3-35B1-4757-814E-B1F6902C7B8D}.Debug|Any CPU.Build.0 = Debug|Any CPU
		{233D52E3-35B1-4757-814E-B1F6902C7B8D}.Release|Any CPU.ActiveCfg = Release|Any CPU
		{233D52E3-35B1-4757-814E-B1F6902C7B8D}.Release|Any CPU.Build.0 = Release|Any CPU
		{C22A1865-C431-4E17-9692-5A29F8F5B88B}.Debug|Any CPU.ActiveCfg = Debug|Any CPU
		{C22A1865-C431-4E17-9692-5A29F8F5B88B}.Debug|Any CPU.Build.0 = Debug|Any CPU
		{C22A1865-C431-4E17-9692-5A29F8F5B88B}.Release|Any CPU.ActiveCfg = Release|Any CPU
		{C22A1865-C431-4E17-9692-5A29F8F5B88B}.Release|Any CPU.Build.0 = Release|Any CPU
		{5D41A81D-14EF-456D-9A4F-EF3ED2ED9B61}.Debug|Any CPU.ActiveCfg = Debug|Any CPU
		{5D41A81D-14EF-456D-9A4F-EF3ED2ED9B61}.Debug|Any CPU.Build.0 = Debug|Any CPU
		{5D41A81D-14EF-456D-9A4F-EF3ED2ED9B61}.Release|Any CPU.ActiveCfg = Release|Any CPU
		{5D41A81D-14EF-456D-9A4F-EF3ED2ED9B61}.Release|Any CPU.Build.0 = Release|Any CPU
		{605494FD-0132-48CD-A77A-31D470327FED}.Debug|Any CPU.ActiveCfg = Debug|Any CPU
		{605494FD-0132-48CD-A77A-31D470327FED}.Debug|Any CPU.Build.0 = Debug|Any CPU
		{605494FD-0132-48CD-A77A-31D470327FED}.Release|Any CPU.ActiveCfg = Release|Any CPU
		{605494FD-0132-48CD-A77A-31D470327FED}.Release|Any CPU.Build.0 = Release|Any CPU
		{6E8D4792-D0A9-411D-8E43-C429DF367522}.Debug|Any CPU.ActiveCfg = Debug|Any CPU
		{6E8D4792-D0A9-411D-8E43-C429DF367522}.Debug|Any CPU.Build.0 = Debug|Any CPU
		{6E8D4792-D0A9-411D-8E43-C429DF367522}.Release|Any CPU.ActiveCfg = Release|Any CPU
		{6E8D4792-D0A9-411D-8E43-C429DF367522}.Release|Any CPU.Build.0 = Release|Any CPU
		{E573A867-81D2-4B1E-9208-60DAB18C08E7}.Debug|Any CPU.ActiveCfg = Debug|Any CPU
		{E573A867-81D2-4B1E-9208-60DAB18C08E7}.Debug|Any CPU.Build.0 = Debug|Any CPU
		{E573A867-81D2-4B1E-9208-60DAB18C08E7}.Release|Any CPU.ActiveCfg = Release|Any CPU
		{E573A867-81D2-4B1E-9208-60DAB18C08E7}.Release|Any CPU.Build.0 = Release|Any CPU
		{1931366D-E06E-4D1E-9B88-774C93687EC0}.Debug|Any CPU.ActiveCfg = Debug|Any CPU
		{1931366D-E06E-4D1E-9B88-774C93687EC0}.Debug|Any CPU.Build.0 = Debug|Any CPU
		{1931366D-E06E-4D1E-9B88-774C93687EC0}.Release|Any CPU.ActiveCfg = Release|Any CPU
		{1931366D-E06E-4D1E-9B88-774C93687EC0}.Release|Any CPU.Build.0 = Release|Any CPU
	EndGlobalSection
	GlobalSection(NestedProjects) = preSolution
		{B8DF1DDD-A21F-4EEA-A969-6C57D2F3C16E} = {CB42BB88-F6C7-4E60-AA63-DDD8092CED3E}
		{233D52E3-35B1-4757-814E-B1F6902C7B8D} = {B8DF1DDD-A21F-4EEA-A969-6C57D2F3C16E}
		{E827FA09-7810-443D-B71E-C274C4B91A1C} = {B8DF1DDD-A21F-4EEA-A969-6C57D2F3C16E}
		{D7975F33-40AE-411D-82D0-54DEA44CF042} = {B8DF1DDD-A21F-4EEA-A969-6C57D2F3C16E}
		{C22A1865-C431-4E17-9692-5A29F8F5B88B} = {D7975F33-40AE-411D-82D0-54DEA44CF042}
		{5D41A81D-14EF-456D-9A4F-EF3ED2ED9B61} = {D7975F33-40AE-411D-82D0-54DEA44CF042}
		{605494FD-0132-48CD-A77A-31D470327FED} = {D7975F33-40AE-411D-82D0-54DEA44CF042}
		{6E8D4792-D0A9-411D-8E43-C429DF367522} = {D7975F33-40AE-411D-82D0-54DEA44CF042}
		{E573A867-81D2-4B1E-9208-60DAB18C08E7} = {D7975F33-40AE-411D-82D0-54DEA44CF042}
		{1931366D-E06E-4D1E-9B88-774C93687EC0} = {B8DF1DDD-A21F-4EEA-A969-6C57D2F3C16E}
	EndGlobalSection
EndGlobal
